
Microsoft Visual Studio Solution File, Format Version 12.00
# Visual Studio Version 17
VisualStudioVersion = 17.5.33326.253
MinimumVisualStudioVersion = 10.0.40219.1
Project("{FAE04EC0-301F-11D3-BF4B-00C04F79EFBC}") = "Wordle.Api", "Wordle.Api\Wordle.Api.csproj", "{E7A71D8C-8AE0-4438-AFA6-300F7B9E068E}"
EndProject
Global
	GlobalSection(SolutionConfigurationPlatforms) = preSolution
		Debug|Any CPU = Debug|Any CPU
		Release|Any CPU = Release|Any CPU
	EndGlobalSection
	GlobalSection(ProjectConfigurationPlatforms) = postSolution
		{E7A71D8C-8AE0-4438-AFA6-300F7B9E068E}.Debug|Any CPU.ActiveCfg = Debug|Any CPU
		{E7A71D8C-8AE0-4438-AFA6-300F7B9E068E}.Debug|Any CPU.Build.0 = Debug|Any CPU
		{E7A71D8C-8AE0-4438-AFA6-300F7B9E068E}.Release|Any CPU.ActiveCfg = Release|Any CPU
		{E7A71D8C-8AE0-4438-AFA6-300F7B9E068E}.Release|Any CPU.Build.0 = Release|Any CPU
	EndGlobalSection
	GlobalSection(SolutionProperties) = preSolution
		HideSolutionNode = FALSE
	EndGlobalSection
	GlobalSection(ExtensibilityGlobals) = postSolution
		SolutionGuid = {FCB5E9F8-980E-4486-9703-67F52D39748D}
	EndGlobalSection
EndGlobal
