
Microsoft Visual Studio Solution File, Format Version 12.00
# Visual Studio Version 16
VisualStudioVersion = 25.0.1705.3
MinimumVisualStudioVersion = 10.0.40219.1
Project("{FAE04EC0-301F-11D3-BF4B-00C04F79EFBC}") = "Wordle.Api", "Wordle.Api.csproj", "{63D8A9BE-55AF-4B0D-897D-BE13E2CED6EA}"
EndProject
Global
	GlobalSection(SolutionConfigurationPlatforms) = preSolution
		Debug|Any CPU = Debug|Any CPU
		Release|Any CPU = Release|Any CPU
	EndGlobalSection
	GlobalSection(ProjectConfigurationPlatforms) = postSolution
		{63D8A9BE-55AF-4B0D-897D-BE13E2CED6EA}.Debug|Any CPU.ActiveCfg = Debug|Any CPU
		{63D8A9BE-55AF-4B0D-897D-BE13E2CED6EA}.Debug|Any CPU.Build.0 = Debug|Any CPU
		{63D8A9BE-55AF-4B0D-897D-BE13E2CED6EA}.Release|Any CPU.ActiveCfg = Release|Any CPU
		{63D8A9BE-55AF-4B0D-897D-BE13E2CED6EA}.Release|Any CPU.Build.0 = Release|Any CPU
	EndGlobalSection
	GlobalSection(SolutionProperties) = preSolution
		HideSolutionNode = FALSE
	EndGlobalSection
	GlobalSection(ExtensibilityGlobals) = postSolution
		SolutionGuid = {D2DEFE2A-02B9-4D36-B5B5-3B5A0E028095}
	EndGlobalSection
EndGlobal
