
Microsoft Visual Studio Solution File, Format Version 12.00
# Visual Studio Version 17
VisualStudioVersion = 17.4.33213.308
MinimumVisualStudioVersion = 10.0.40219.1
Project("{FAE04EC0-301F-11D3-BF4B-00C04F79EFBC}") = "Wordle.Api", "Wordle.Api\Wordle.Api.csproj", "{FA8B3C89-4A69-4B7D-AFDC-1486AC60FCDF}"
EndProject
Global
	GlobalSection(SolutionConfigurationPlatforms) = preSolution
		Debug|Any CPU = Debug|Any CPU
		Release|Any CPU = Release|Any CPU
	EndGlobalSection
	GlobalSection(ProjectConfigurationPlatforms) = postSolution
		{FA8B3C89-4A69-4B7D-AFDC-1486AC60FCDF}.Debug|Any CPU.ActiveCfg = Debug|Any CPU
		{FA8B3C89-4A69-4B7D-AFDC-1486AC60FCDF}.Debug|Any CPU.Build.0 = Debug|Any CPU
		{FA8B3C89-4A69-4B7D-AFDC-1486AC60FCDF}.Release|Any CPU.ActiveCfg = Release|Any CPU
		{FA8B3C89-4A69-4B7D-AFDC-1486AC60FCDF}.Release|Any CPU.Build.0 = Release|Any CPU
	EndGlobalSection
	GlobalSection(SolutionProperties) = preSolution
		HideSolutionNode = FALSE
	EndGlobalSection
	GlobalSection(ExtensibilityGlobals) = postSolution
		SolutionGuid = {217B9EEB-3570-4F72-BF48-C163962A8558}
	EndGlobalSection
EndGlobal
